
Microsoft Visual Studio Solution File, Format Version 12.00
# Visual Studio Version 17
VisualStudioVersion = 17.14.36401.2 d17.14
MinimumVisualStudioVersion = 10.0.40219.1
Project("{FAE04EC0-301F-11D3-BF4B-00C04F79EFBC}") = "schoolExam", "schoolExam\schoolExam.csproj", "{D2CA5F88-95FC-4F76-AC85-5578ED869AF6}"
EndProject
Global
	GlobalSection(SolutionConfigurationPlatforms) = preSolution
		Debug|Any CPU = Debug|Any CPU
		Release|Any CPU = Release|Any CPU
	EndGlobalSection
	GlobalSection(ProjectConfigurationPlatforms) = postSolution
		{D2CA5F88-95FC-4F76-AC85-5578ED869AF6}.Debug|Any CPU.ActiveCfg = Debug|Any CPU
		{D2CA5F88-95FC-4F76-AC85-5578ED869AF6}.Debug|Any CPU.Build.0 = Debug|Any CPU
		{D2CA5F88-95FC-4F76-AC85-5578ED869AF6}.Release|Any CPU.ActiveCfg = Release|Any CPU
		{D2CA5F88-95FC-4F76-AC85-5578ED869AF6}.Release|Any CPU.Build.0 = Release|Any CPU
	EndGlobalSection
	GlobalSection(SolutionProperties) = preSolution
		HideSolutionNode = FALSE
	EndGlobalSection
	GlobalSection(ExtensibilityGlobals) = postSolution
		SolutionGuid = {35847FFA-20F2-49CF-9323-4761354A148A}
	EndGlobalSection
EndGlobal
